{
  "name": "family-tree-renderer",
  "version": "1.0.0",
  "lockfileVersion": 3,
  "requires": true,
  "packages": {
    "": {
      "name": "family-tree-renderer",
      "version": "1.0.0",
      "dependencies": {
        "puppeteer": "^21.3.8",
        "serve": "^14.2.0"
      }
    },
    "node_modules/puppeteer": {
      "version": "21.3.8",
      "resolved": "https://registry.npmjs.org/puppeteer/-/puppeteer-21.3.8.tgz",
      "integrity": "sha512-rfVaeRVAQ+WYHoLRGELSc2sbAKr3C8cMchN+P7omdrzzTnvk+4ItldWJz2ff6sq1Xs6yFr9H2wZZNB0AQZ9nAw==",
      "engines": {
        "node": ">=14.1.0"
      }
    },
    "node_modules/serve": {
      "version": "14.2.0",
      "resolved": "https://registry.npmjs.org/serve/-/serve-14.2.0.tgz",
      "integrity": "sha512-cI+KiAmKhdTuDd1Y7BlzkdCMF3QSoKwZJkx6CPcIowHTztUdzmjHbPLuzA4yYzSvYkxR3N+Wdt9j58mslW25uA==",
      "bin": {
        "serve": "bin/serve.js"
      },
      "engines": {
        "node": ">=10.0.0"
      }
    }
  },
  "dependencies": {
    "puppeteer": {
      "version": "21.3.8",
      "resolved": "https://registry.npmjs.org/puppeteer/-/puppeteer-21.3.8.tgz",
      "integrity": "sha512-rfVaeRVAQ+WYHoLRGELSc2sbAKr3C8cMchN+P7omdrzzTnvk+4ItldWJz2ff6sq1Xs6yFr9H2wZZNB0AQZ9nAw=="
    },
    "serve": {
      "version": "14.2.0",
      "resolved": "https://registry.npmjs.org/serve/-/serve-14.2.0.tgz",
      "integrity": "sha512-cI+KiAmKhdTuDd1Y7BlzkdCMF3QSoKwZJkx6CPcIowHTztUdzmjHbPLuzA4yYzSvYkxR3N+Wdt9j58mslW25uA=="
    }
  }
}
